
Microsoft Visual Studio Solution File, Format Version 12.00
# Visual Studio Version 16
VisualStudioVersion = 16.0.30413.136
MinimumVisualStudioVersion = 10.0.40219.1
Project("{FAE04EC0-301F-11D3-BF4B-00C04F79EFBC}") = "lab04", "lab04\lab04.csproj", "{8D993E2A-6FDD-4E62-88D3-A4537BDA50FC}"
EndProject
Global
	GlobalSection(SolutionConfigurationPlatforms) = preSolution
		Debug|Any CPU = Debug|Any CPU
		Release|Any CPU = Release|Any CPU
	EndGlobalSection
	GlobalSection(ProjectConfigurationPlatforms) = postSolution
		{8D993E2A-6FDD-4E62-88D3-A4537BDA50FC}.Debug|Any CPU.ActiveCfg = Debug|Any CPU
		{8D993E2A-6FDD-4E62-88D3-A4537BDA50FC}.Debug|Any CPU.Build.0 = Debug|Any CPU
		{8D993E2A-6FDD-4E62-88D3-A4537BDA50FC}.Release|Any CPU.ActiveCfg = Release|Any CPU
		{8D993E2A-6FDD-4E62-88D3-A4537BDA50FC}.Release|Any CPU.Build.0 = Release|Any CPU
	EndGlobalSection
	GlobalSection(SolutionProperties) = preSolution
		HideSolutionNode = FALSE
	EndGlobalSection
	GlobalSection(ExtensibilityGlobals) = postSolution
		SolutionGuid = {E5743B49-45F1-4F3E-9596-E35D7BEEAC31}
	EndGlobalSection
EndGlobal
